
Microsoft Visual Studio Solution File, Format Version 12.00
# Visual Studio Version 17
VisualStudioVersion = 17.7.34031.279
MinimumVisualStudioVersion = 10.0.40219.1
Project("{FAE04EC0-301F-11D3-BF4B-00C04F79EFBC}") = "OldWebFormsApp", "OldWebFormsApp\OldWebFormsApp.csproj", "{8066A7FB-5A4F-4E70-940E-5A5653D79C04}"
EndProject
Project("{9A19103F-16F7-4668-BE54-9A1E7A4F7556}") = "NewCoreApplication", "NewCoreApplication\NewCoreApplication.csproj", "{A393862A-4C58-478C-991A-979626E1031D}"
EndProject
Global
	GlobalSection(SolutionConfigurationPlatforms) = preSolution
		Debug|Any CPU = Debug|Any CPU
		Release|Any CPU = Release|Any CPU
	EndGlobalSection
	GlobalSection(ProjectConfigurationPlatforms) = postSolution
		{8066A7FB-5A4F-4E70-940E-5A5653D79C04}.Debug|Any CPU.ActiveCfg = Debug|Any CPU
		{8066A7FB-5A4F-4E70-940E-5A5653D79C04}.Debug|Any CPU.Build.0 = Debug|Any CPU
		{8066A7FB-5A4F-4E70-940E-5A5653D79C04}.Release|Any CPU.ActiveCfg = Release|Any CPU
		{8066A7FB-5A4F-4E70-940E-5A5653D79C04}.Release|Any CPU.Build.0 = Release|Any CPU
		{A393862A-4C58-478C-991A-979626E1031D}.Debug|Any CPU.ActiveCfg = Debug|Any CPU
		{A393862A-4C58-478C-991A-979626E1031D}.Debug|Any CPU.Build.0 = Debug|Any CPU
		{A393862A-4C58-478C-991A-979626E1031D}.Release|Any CPU.ActiveCfg = Release|Any CPU
		{A393862A-4C58-478C-991A-979626E1031D}.Release|Any CPU.Build.0 = Release|Any CPU
	EndGlobalSection
	GlobalSection(SolutionProperties) = preSolution
		HideSolutionNode = FALSE
	EndGlobalSection
	GlobalSection(ExtensibilityGlobals) = postSolution
		SolutionGuid = {6E0E3AF0-E400-4971-B594-232FD7B5EF25}
	EndGlobalSection
EndGlobal
